<?xml version="1.0" encoding="utf-8"?>
<Project ToolsVersion="4.0" xmlns="http://schemas.microsoft.com/developer/msbuild/2003">
  <ItemGroup>
    <Filter Include="public">
      <UniqueIdentifier>{93995380-89BD-4b04-88EB-625FBE52EBFB}</UniqueIdentifier>
      <Extensions>h;hh;hpp;hxx;hm;inl;inc;xsd</Extensions>
    </Filter>
    <Filter Include="private">
      <UniqueIdentifier>{4FC737F1-C7A5-4376-A066-2A32D752A2FF}</UniqueIdentifier>
      <Extensions>cpp;c;cc;cxx;def;odl;idl;hpj;bat;asm;asmx</Extensions>
    </Filter>
    <Filter Include="public\luawrap">
      <UniqueIdentifier>{e09e6683-a490-4f65-a884-52b4cb7c6c38}</UniqueIdentifier>
    </Filter>
  </ItemGroup>
  <ItemGroup>
    <ClInclude Include="..\include\luawrap.h">
      <Filter>public</Filter>
    </ClInclude>
    <ClInclude Include="..\src\luafunction.h">
      <Filter>private</Filter>
    </ClInclude>
    <ClInclude Include="..\include\luawrap\luaobject.h">
      <Filter>public\luawrap</Filter>
    </ClInclude>
    <ClInclude Include="..\include\luawrap\luastacksaver.h">
      <Filter>public\luawrap</Filter>
    </ClInclude>
    <ClInclude Include="..\include\luawrap\luawrap_config.h">
      <Filter>public\luawrap</Filter>
    </ClInclude>
  </ItemGroup>
  <ItemGroup>
    <ClCompile Include="..\src\luawrap.cpp">
      <Filter>private</Filter>
    </ClCompile>
    <ClCompile Include="..\src\luaobject.cpp">
      <Filter>private</Filter>
    </ClCompile>
    <ClCompile Include="..\src\luastacksaver.cpp">
      <Filter>private</Filter>
    </ClCompile>
  </ItemGroup>
</Project>